<?xml version="1.0" encoding="utf-8"?>
<Project ToolsVersion="4.0" xmlns="http://schemas.microsoft.com/developer/msbuild/2003">
  <ItemGroup>
    <Filter Include="Source Files">
      <UniqueIdentifier>{4FC737F1-C7A5-4376-A066-2A32D752A2FF}</UniqueIdentifier>
      <Extensions>cpp;c;cc;cxx;c++;cppm;ixx;def;odl;idl;hpj;bat;asm;asmx</Extensions>
    </Filter>
    <Filter Include="Header Files">
      <UniqueIdentifier>{93995380-89BD-4b04-88EB-625FBE52EBFB}</UniqueIdentifier>
      <Extensions>h;hh;hpp;hxx;h++;hm;inl;inc;ipp;xsd</Extensions>
    </Filter>
    <Filter Include="Resource Files">
      <UniqueIdentifier>{67DA6AB6-F800-4c08-8B7A-83BB121AAD01}</UniqueIdentifier>
      <Extensions>rc;ico;cur;bmp;dlg;rc2;rct;bin;rgs;gif;jpg;jpeg;jpe;resx;tiff;tif;png;wav;mfcribbon-ms</Extensions>
    </Filter>
    <Filter Include="Header Files\ShaderFiles">
      <UniqueIdentifier>{399f7da0-d972-4cde-b29d-10133141ea33}</UniqueIdentifier>
    </Filter>
    <Filter Include="Header Files\ShaderFiles\Fragment Shaders">
      <UniqueIdentifier>{05dc779b-0bce-42de-a7d9-06241a8c61e5}</UniqueIdentifier>
    </Filter>
    <Filter Include="Header Files\ShaderFiles\Vertex Shaders">
      <UniqueIdentifier>{21a29f2f-8e78-40cc-b163-33a1de39ce0c}</UniqueIdentifier>
    </Filter>
  </ItemGroup>
  <ItemGroup>
    <ClCompile Include="Plateau.cpp">
      <Filter>Resource Files</Filter>
    </ClCompile>
    <ClCompile Include="maincmd.cpp">
      <Filter>Source Files</Filter>
    </ClCompile>
    <ClCompile Include="Shader.cpp">
      <Filter>Resource Files</Filter>
    </ClCompile>
    <ClCompile Include="glad.c">
      <Filter>Resource Files</Filter>
    </ClCompile>
    <ClCompile Include="testconnect4minmax.cpp">
      <Filter>Source Files</Filter>
    </ClCompile>
    <ClCompile Include="PlateauGraphique.cpp">
      <Filter>Resource Files</Filter>
    </ClCompile>
    <ClCompile Include="FonctionsEtValeursPourOpenGL.cpp">
      <Filter>Resource Files</Filter>
    </ClCompile>
    <ClCompile Include="UI.cpp">
      <Filter>Resource Files</Filter>
    </ClCompile>
  </ItemGroup>
  <ItemGroup>
    <ClInclude Include="Plateau.h">
      <Filter>Header Files</Filter>
    </ClInclude>
    <ClInclude Include="Shader.h">
      <Filter>Header Files</Filter>
    </ClInclude>
    <ClInclude Include="PlateauGraphique.h">
      <Filter>Header Files</Filter>
    </ClInclude>
    <ClInclude Include="FonctionsEtValeursPourOpenGL.h">
      <Filter>Header Files</Filter>
    </ClInclude>
    <ClInclude Include="UI.h">
      <Filter>Header Files</Filter>
    </ClInclude>
  </ItemGroup>
  <ItemGroup>
    <None Include="fragmentJetons.fs">
      <Filter>Header Files\ShaderFiles\Fragment Shaders</Filter>
    </None>
    <None Include="fragmentPlateau.fs">
      <Filter>Header Files\ShaderFiles\Fragment Shaders</Filter>
    </None>
    <None Include="fragmentTexte.fs">
      <Filter>Header Files\ShaderFiles\Fragment Shaders</Filter>
    </None>
    <None Include="fragmentBoutons.fs">
      <Filter>Header Files\ShaderFiles\Fragment Shaders</Filter>
    </None>
    <None Include="vertexJetons.vs">
      <Filter>Header Files\ShaderFiles\Vertex Shaders</Filter>
    </None>
    <None Include="vertexPlateau.vs">
      <Filter>Header Files\ShaderFiles\Vertex Shaders</Filter>
    </None>
    <None Include="vertexTexte.vs">
      <Filter>Header Files\ShaderFiles\Vertex Shaders</Filter>
    </None>
    <None Include="vertexBoutons.vs">
      <Filter>Header Files\ShaderFiles\Vertex Shaders</Filter>
    </None>
  </ItemGroup>
</Project>